
Microsoft Visual Studio Solution File, Format Version 12.00
# Visual Studio 14
VisualStudioVersion = 14.0.25420.1
MinimumVisualStudioVersion = 10.0.40219.1
Project("{FAE04EC0-301F-11D3-BF4B-00C04F79EFBC}") = "PersonTrackerApplication", "PersonTrackerApplication\PersonTrackerApplication.csproj", "{21A929F2-0743-4986-8C89-CA0F132B6A79}"
EndProject
Project("{FAE04EC0-301F-11D3-BF4B-00C04F79EFBC}") = "PersonTracker.Services", "PersonTracker.Services\PersonTracker.Services.csproj", "{E0C825A0-E15A-4724-A0C9-1C96956F76A3}"
EndProject
Project("{FAE04EC0-301F-11D3-BF4B-00C04F79EFBC}") = "PersonTracker.DataModel", "PersonTracker.DataModel\PersonTracker.DataModel.csproj", "{D71B73E2-0E12-4DA0-98D3-E1518067DB40}"
EndProject
Global
	GlobalSection(SolutionConfigurationPlatforms) = preSolution
		Debug|Any CPU = Debug|Any CPU
		Release|Any CPU = Release|Any CPU
	EndGlobalSection
	GlobalSection(ProjectConfigurationPlatforms) = postSolution
		{21A929F2-0743-4986-8C89-CA0F132B6A79}.Debug|Any CPU.ActiveCfg = Debug|Any CPU
		{21A929F2-0743-4986-8C89-CA0F132B6A79}.Debug|Any CPU.Build.0 = Debug|Any CPU
		{21A929F2-0743-4986-8C89-CA0F132B6A79}.Release|Any CPU.ActiveCfg = Release|Any CPU
		{21A929F2-0743-4986-8C89-CA0F132B6A79}.Release|Any CPU.Build.0 = Release|Any CPU
		{E0C825A0-E15A-4724-A0C9-1C96956F76A3}.Debug|Any CPU.ActiveCfg = Debug|Any CPU
		{E0C825A0-E15A-4724-A0C9-1C96956F76A3}.Debug|Any CPU.Build.0 = Debug|Any CPU
		{E0C825A0-E15A-4724-A0C9-1C96956F76A3}.Release|Any CPU.ActiveCfg = Release|Any CPU
		{E0C825A0-E15A-4724-A0C9-1C96956F76A3}.Release|Any CPU.Build.0 = Release|Any CPU
		{D71B73E2-0E12-4DA0-98D3-E1518067DB40}.Debug|Any CPU.ActiveCfg = Debug|Any CPU
		{D71B73E2-0E12-4DA0-98D3-E1518067DB40}.Debug|Any CPU.Build.0 = Debug|Any CPU
		{D71B73E2-0E12-4DA0-98D3-E1518067DB40}.Release|Any CPU.ActiveCfg = Release|Any CPU
		{D71B73E2-0E12-4DA0-98D3-E1518067DB40}.Release|Any CPU.Build.0 = Release|Any CPU
	EndGlobalSection
	GlobalSection(SolutionProperties) = preSolution
		HideSolutionNode = FALSE
	EndGlobalSection
EndGlobal
